
Microsoft Visual Studio Solution File, Format Version 12.00
# Visual Studio 15
VisualStudioVersion = 15.0.27428.2027
MinimumVisualStudioVersion = 10.0.40219.1
Project("{2150E333-8FDC-42A3-9474-1A3956D46DE8}") = ".nuget", ".nuget", "{BA324694-07F7-4D59-868A-AA10BAC225CA}"
EndProject
Project("{FAE04EC0-301F-11D3-BF4B-00C04F79EFBC}") = "WebApplication", "WebApplication\WebApplication.csproj", "{178A0712-AB1A-4684-A152-01DAA957CA63}"
EndProject
Project("{FAE04EC0-301F-11D3-BF4B-00C04F79EFBC}") = "MigrateDatabase", "MigrateDatabase\MigrateDatabase.csproj", "{262E54FA-EA25-44B0-BE0B-D99877C12F9D}"
EndProject
Global
	GlobalSection(SolutionConfigurationPlatforms) = preSolution
		Debug|Any CPU = Debug|Any CPU
		Release|Any CPU = Release|Any CPU
	EndGlobalSection
	GlobalSection(ProjectConfigurationPlatforms) = postSolution
		{178A0712-AB1A-4684-A152-01DAA957CA63}.Debug|Any CPU.ActiveCfg = Debug|Any CPU
		{178A0712-AB1A-4684-A152-01DAA957CA63}.Debug|Any CPU.Build.0 = Debug|Any CPU
		{178A0712-AB1A-4684-A152-01DAA957CA63}.Release|Any CPU.ActiveCfg = Release|Any CPU
		{178A0712-AB1A-4684-A152-01DAA957CA63}.Release|Any CPU.Build.0 = Release|Any CPU
		{262E54FA-EA25-44B0-BE0B-D99877C12F9D}.Debug|Any CPU.ActiveCfg = Debug|Any CPU
		{262E54FA-EA25-44B0-BE0B-D99877C12F9D}.Debug|Any CPU.Build.0 = Debug|Any CPU
		{262E54FA-EA25-44B0-BE0B-D99877C12F9D}.Release|Any CPU.ActiveCfg = Release|Any CPU
		{262E54FA-EA25-44B0-BE0B-D99877C12F9D}.Release|Any CPU.Build.0 = Release|Any CPU
	EndGlobalSection
	GlobalSection(SolutionProperties) = preSolution
		HideSolutionNode = FALSE
	EndGlobalSection
	GlobalSection(ExtensibilityGlobals) = postSolution
		SolutionGuid = {C7C78CAC-4EAA-4963-B7B3-CCB5CE9237EC}
	EndGlobalSection
EndGlobal
