
Microsoft Visual Studio Solution File, Format Version 12.00
# Visual Studio 15
VisualStudioVersion = 15.0.27703.1
MinimumVisualStudioVersion = 10.0.40219.1
Project("{FAE04EC0-301F-11D3-BF4B-00C04F79EFBC}") = "WebAndLoadTestProject2", "WebAndLoadTestProject2\WebAndLoadTestProject2.csproj", "{A905C8B3-1E2E-42A4-BCF3-C16653AB52F5}"
EndProject
Project("{2150E333-8FDC-42A3-9474-1A3956D46DE8}") = "Solution Items", "Solution Items", "{C796879F-B440-4163-B765-09999C18F298}"
	ProjectSection(SolutionItems) = preProject
		Local.testsettings = Local.testsettings
	EndProjectSection
EndProject
Global
	GlobalSection(SolutionConfigurationPlatforms) = preSolution
		Debug|Any CPU = Debug|Any CPU
		Release|Any CPU = Release|Any CPU
	EndGlobalSection
	GlobalSection(ProjectConfigurationPlatforms) = postSolution
		{A905C8B3-1E2E-42A4-BCF3-C16653AB52F5}.Debug|Any CPU.ActiveCfg = Debug|Any CPU
		{A905C8B3-1E2E-42A4-BCF3-C16653AB52F5}.Debug|Any CPU.Build.0 = Debug|Any CPU
		{A905C8B3-1E2E-42A4-BCF3-C16653AB52F5}.Release|Any CPU.ActiveCfg = Release|Any CPU
		{A905C8B3-1E2E-42A4-BCF3-C16653AB52F5}.Release|Any CPU.Build.0 = Release|Any CPU
	EndGlobalSection
	GlobalSection(SolutionProperties) = preSolution
		HideSolutionNode = FALSE
	EndGlobalSection
	GlobalSection(ExtensibilityGlobals) = postSolution
		SolutionGuid = {E54B4FA7-C3C6-43B8-8AE8-9C6D2C81B548}
	EndGlobalSection
EndGlobal
